
Microsoft Visual Studio Solution File, Format Version 12.00
# Visual Studio Version 17
VisualStudioVersion = 17.5.33516.290
MinimumVisualStudioVersion = 10.0.40219.1
Project("{8BC9CEB8-8B4A-11D0-8D11-00A0C91BC942}") = "test4_5", "test4_5.vcxproj", "{4ACD6532-2DF9-4814-9CA5-4AC46352BB51}"
EndProject
Global
	GlobalSection(SolutionConfigurationPlatforms) = preSolution
		Debug|x64 = Debug|x64
		Debug|x86 = Debug|x86
		Release|x64 = Release|x64
		Release|x86 = Release|x86
	EndGlobalSection
	GlobalSection(ProjectConfigurationPlatforms) = postSolution
		{4ACD6532-2DF9-4814-9CA5-4AC46352BB51}.Debug|x64.ActiveCfg = Debug|x64
		{4ACD6532-2DF9-4814-9CA5-4AC46352BB51}.Debug|x64.Build.0 = Debug|x64
		{4ACD6532-2DF9-4814-9CA5-4AC46352BB51}.Debug|x86.ActiveCfg = Debug|Win32
		{4ACD6532-2DF9-4814-9CA5-4AC46352BB51}.Debug|x86.Build.0 = Debug|Win32
		{4ACD6532-2DF9-4814-9CA5-4AC46352BB51}.Release|x64.ActiveCfg = Release|x64
		{4ACD6532-2DF9-4814-9CA5-4AC46352BB51}.Release|x64.Build.0 = Release|x64
		{4ACD6532-2DF9-4814-9CA5-4AC46352BB51}.Release|x86.ActiveCfg = Release|Win32
		{4ACD6532-2DF9-4814-9CA5-4AC46352BB51}.Release|x86.Build.0 = Release|Win32
	EndGlobalSection
	GlobalSection(SolutionProperties) = preSolution
		HideSolutionNode = FALSE
	EndGlobalSection
	GlobalSection(ExtensibilityGlobals) = postSolution
		SolutionGuid = {0FA78907-E8C6-4999-A7C8-7C0F169833DD}
	EndGlobalSection
EndGlobal
